{
  "name": "iscrypt-artikel",
  "version": "1.0.0",
  "lockfileVersion": 3,
  "requires": true,
  "packages": {
    "": {
      "name": "iscrypt-artikel",
      "version": "1.0.0",
      "dependencies": {
        "iscrypt": "github:TheoTaat/iscrypt#v0.1.1"
      }
    },
    "node_modules/iscrypt": {
      "version": "0.1.1",
      "resolved": "git+ssh://git@github.com/TheoTaat/iscrypt.git#61c34258c76523f5fc9b58dbf4e7e21842882c2c",
      "license": "MIT"
    }
  }
}
