{
  "name": "iscrypt-artikel",
  "version": "1.0.0",
  "lockfileVersion": 3,
  "requires": true,
  "packages": {
    "": {
      "name": "iscrypt-artikel",
      "version": "1.0.0",
      "dependencies": {
        "iscrypt": "github:TheoTaat/iscrypt#v0.1.0"
      }
    },
    "node_modules/iscrypt": {
      "version": "0.1.0",
      "resolved": "git+ssh://git@github.com/TheoTaat/iscrypt.git#8a926d7782cd294edc7494c6e4e6d6b7a6fe88e1",
      "license": "MIT"
    }
  }
}
