{
  "name": "iscrypt-artikel",
  "version": "1.0.0",
  "lockfileVersion": 3,
  "requires": true,
  "packages": {
    "": {
      "name": "iscrypt-artikel",
      "version": "1.0.0",
      "dependencies": {
        "iscrypt": "github:TheoTaat/iscrypt"
      }
    },
    "node_modules/iscrypt": {
      "version": "1.0.0",
      "resolved": "git+ssh://git@github.com/TheoTaat/iscrypt.git#893d5b3723c9bf4688e52147e474de38da3e3d37",
      "license": "MIT"
    }
  }
}
